
Microsoft Visual Studio Solution File, Format Version 12.00
# Visual Studio Version 16
VisualStudioVersion = 16.0.31624.102
MinimumVisualStudioVersion = 10.0.40219.1
Project("{FAE04EC0-301F-11D3-BF4B-00C04F79EFBC}") = "Consolidator", "Consolidator\Consolidator.csproj", "{5C2508C4-87CA-40CB-8876-384B98E6C999}"
EndProject
Global
	GlobalSection(SolutionConfigurationPlatforms) = preSolution
		Debug|Any CPU = Debug|Any CPU
		Release|Any CPU = Release|Any CPU
	EndGlobalSection
	GlobalSection(ProjectConfigurationPlatforms) = postSolution
		{5C2508C4-87CA-40CB-8876-384B98E6C999}.Debug|Any CPU.ActiveCfg = Debug|Any CPU
		{5C2508C4-87CA-40CB-8876-384B98E6C999}.Debug|Any CPU.Build.0 = Debug|Any CPU
		{5C2508C4-87CA-40CB-8876-384B98E6C999}.Release|Any CPU.ActiveCfg = Release|Any CPU
		{5C2508C4-87CA-40CB-8876-384B98E6C999}.Release|Any CPU.Build.0 = Release|Any CPU
	EndGlobalSection
	GlobalSection(SolutionProperties) = preSolution
		HideSolutionNode = FALSE
	EndGlobalSection
	GlobalSection(ExtensibilityGlobals) = postSolution
		SolutionGuid = {7C1BBEA2-4C0F-4BB5-B112-AC57CD9A5DD5}
	EndGlobalSection
EndGlobal
